
Microsoft Visual Studio Solution File, Format Version 12.00
# Visual Studio Version 17
VisualStudioVersion = 17.7.34031.279
MinimumVisualStudioVersion = 10.0.40219.1
Project("{FAE04EC0-301F-11D3-BF4B-00C04F79EFBC}") = "Quản lý siêu thị", "Quản lý siêu thị\Quản lý siêu thị.csproj", "{0CFA0F97-D77A-433F-83F6-80997A8002E3}"
EndProject
Global
	GlobalSection(SolutionConfigurationPlatforms) = preSolution
		Debug|Any CPU = Debug|Any CPU
		Release|Any CPU = Release|Any CPU
	EndGlobalSection
	GlobalSection(ProjectConfigurationPlatforms) = postSolution
		{0CFA0F97-D77A-433F-83F6-80997A8002E3}.Debug|Any CPU.ActiveCfg = Debug|Any CPU
		{0CFA0F97-D77A-433F-83F6-80997A8002E3}.Debug|Any CPU.Build.0 = Debug|Any CPU
		{0CFA0F97-D77A-433F-83F6-80997A8002E3}.Release|Any CPU.ActiveCfg = Release|Any CPU
		{0CFA0F97-D77A-433F-83F6-80997A8002E3}.Release|Any CPU.Build.0 = Release|Any CPU
	EndGlobalSection
	GlobalSection(SolutionProperties) = preSolution
		HideSolutionNode = FALSE
	EndGlobalSection
	GlobalSection(ExtensibilityGlobals) = postSolution
		SolutionGuid = {1CA33C4D-7B19-4A22-8E77-BFEA067C15BC}
	EndGlobalSection
EndGlobal
